lockfileVersion: '6.0'

settings:
  autoInstallPeers: true
  excludeLinksFromLockfile: false

dependencies:
  zx:
    specifier: ^8.1.6
    version: 8.8.3

packages:

  /zx@8.8.3:
    resolution: {integrity: sha512-8GWaBTVU6wzTdqO0v5qwGMUFLCYduW7UUxaliRD+FXGRfYM8KLDGL93idbdGFLomHDi18ZxCfhAJqYZB8rJNvw==}
    engines: {node: '>= 12.17.0'}
    hasBin: true
    dev: false
