lockfileVersion: '9.0'

settings:
  autoInstallPeers: true
  excludeLinksFromLockfile: false

importers:

  .:
    dependencies:
      zx:
        specifier: ^8.8.4
        version: 8.8.4

packages:

  zx@8.8.4:
    resolution: {integrity: sha512-44GcD+ZlM/v1OQtbwnSxLPcoE1ZEUICmR+RSbJZLAqfIixNLuMjLyh0DcS75OyfJ/sWYAwCWDmDvJ4hdnANAPQ==}
    engines: {node: '>= 12.17.0'}
    hasBin: true

snapshots:

  zx@8.8.4: {}
